
Microsoft Visual Studio Solution File, Format Version 12.00
# Visual Studio Version 16
VisualStudioVersion = 16.0.31205.134
MinimumVisualStudioVersion = 10.0.40219.1
Project("{FAE04EC0-301F-11D3-BF4B-00C04F79EFBC}") = "MyFirstBlazorApp.Server", "Server\MyFirstBlazorApp.Server.csproj", "{C4174881-0F23-4325-983A-65019136DF9B}"
EndProject
Project("{FAE04EC0-301F-11D3-BF4B-00C04F79EFBC}") = "MyFirstBlazorApp.Client", "Client\MyFirstBlazorApp.Client.csproj", "{8391C6F8-CA1B-4732-BC9F-97C102AE0E90}"
EndProject
Project("{FAE04EC0-301F-11D3-BF4B-00C04F79EFBC}") = "MyFirstBlazorApp.Shared", "Shared\MyFirstBlazorApp.Shared.csproj", "{85933F07-44F1-4D00-92F7-1AAA4C43D149}"
EndProject
Global
	GlobalSection(SolutionConfigurationPlatforms) = preSolution
		Debug|Any CPU = Debug|Any CPU
		Release|Any CPU = Release|Any CPU
	EndGlobalSection
	GlobalSection(ProjectConfigurationPlatforms) = postSolution
		{C4174881-0F23-4325-983A-65019136DF9B}.Debug|Any CPU.ActiveCfg = Debug|Any CPU
		{C4174881-0F23-4325-983A-65019136DF9B}.Debug|Any CPU.Build.0 = Debug|Any CPU
		{C4174881-0F23-4325-983A-65019136DF9B}.Release|Any CPU.ActiveCfg = Release|Any CPU
		{C4174881-0F23-4325-983A-65019136DF9B}.Release|Any CPU.Build.0 = Release|Any CPU
		{8391C6F8-CA1B-4732-BC9F-97C102AE0E90}.Debug|Any CPU.ActiveCfg = Debug|Any CPU
		{8391C6F8-CA1B-4732-BC9F-97C102AE0E90}.Debug|Any CPU.Build.0 = Debug|Any CPU
		{8391C6F8-CA1B-4732-BC9F-97C102AE0E90}.Release|Any CPU.ActiveCfg = Release|Any CPU
		{8391C6F8-CA1B-4732-BC9F-97C102AE0E90}.Release|Any CPU.Build.0 = Release|Any CPU
		{85933F07-44F1-4D00-92F7-1AAA4C43D149}.Debug|Any CPU.ActiveCfg = Debug|Any CPU
		{85933F07-44F1-4D00-92F7-1AAA4C43D149}.Debug|Any CPU.Build.0 = Debug|Any CPU
		{85933F07-44F1-4D00-92F7-1AAA4C43D149}.Release|Any CPU.ActiveCfg = Release|Any CPU
		{85933F07-44F1-4D00-92F7-1AAA4C43D149}.Release|Any CPU.Build.0 = Release|Any CPU
	EndGlobalSection
	GlobalSection(SolutionProperties) = preSolution
		HideSolutionNode = FALSE
	EndGlobalSection
	GlobalSection(ExtensibilityGlobals) = postSolution
		SolutionGuid = {F73504B4-2F2C-4C8A-8D2E-B04CA332D674}
	EndGlobalSection
EndGlobal
